{
    "_readme": [
        "This file locks the dependencies of your project to a known state",
        "Read more about it at https://getcomposer.org/doc/01-basic-usage.md#installing-dependencies",
        "This file is @generated automatically"
    ],
    "content-hash": "d9839bc877ad136f0f7adc7fa5f1a8af",
    "packages": [
        {
            "name": "dotcoo/zay",
            "version": "dev-main",
            "dist": {
                "type": "path",
                "url": "../zay",
                "reference": "248c20d70d765a10f36f623b9530684c3a424b56"
            },
            "require": {
                "php": ">=8.1"
            },
            "type": "library",
            "autoload": {
                "files": [
                    "src/files/init.php"
                ],
                "psr-4": {
                    "zay\\": "src/"
                }
            },
            "license": [
                "proprietary"
            ],
            "authors": [
                {
                    "name": "dotcoo",
                    "email": "dotcoo@163.com"
                }
            ],
            "description": "Zay is a PHP and Swoole framework",
            "homepage": "https://github.com/dotcoo/zay",
            "keywords": [
                "core",
                "framework",
                "php",
                "swoole",
                "zay"
            ],
            "support": {
                "issues": "https://github.com/dotcoo/zay/issues",
                "source": "https://github.com/dotcoo/zay"
            },
            "transport-options": {
                "symlink": false,
                "relative": true
            }
        }
    ],
    "packages-dev": [],
    "aliases": [],
    "minimum-stability": "stable",
    "stability-flags": {
        "dotcoo/zay": 20
    },
    "prefer-stable": true,
    "prefer-lowest": false,
    "platform": {
        "php": ">=8.1"
    },
    "platform-dev": {},
    "plugin-api-version": "2.6.0"
}
